
Microsoft Visual Studio Solution File, Format Version 12.00
# Visual Studio Version 17
VisualStudioVersion = 17.8.34316.72
MinimumVisualStudioVersion = 10.0.40219.1
Project("{FAE04EC0-301F-11D3-BF4B-00C04F79EFBC}") = "HikeAware", "HikeAware\HikeAware.csproj", "{85444346-326F-445A-BC81-0F6786310A45}"
EndProject
Global
	GlobalSection(SolutionConfigurationPlatforms) = preSolution
		Debug|Any CPU = Debug|Any CPU
		Release|Any CPU = Release|Any CPU
	EndGlobalSection
	GlobalSection(ProjectConfigurationPlatforms) = postSolution
		{85444346-326F-445A-BC81-0F6786310A45}.Debug|Any CPU.ActiveCfg = Debug|Any CPU
		{85444346-326F-445A-BC81-0F6786310A45}.Debug|Any CPU.Build.0 = Debug|Any CPU
		{85444346-326F-445A-BC81-0F6786310A45}.Release|Any CPU.ActiveCfg = Release|Any CPU
		{85444346-326F-445A-BC81-0F6786310A45}.Release|Any CPU.Build.0 = Release|Any CPU
	EndGlobalSection
	GlobalSection(SolutionProperties) = preSolution
		HideSolutionNode = FALSE
	EndGlobalSection
	GlobalSection(ExtensibilityGlobals) = postSolution
		SolutionGuid = {B9908A19-9721-40BE-A58A-9B20602B963C}
	EndGlobalSection
EndGlobal
